lockfileVersion: '9.0'

settings:
  autoInstallPeers: true
  excludeLinksFromLockfile: false

importers:

  .:
    dependencies:
      '@prisma/client':
        specifier: ^6.16.3
        version: 6.16.3(prisma@6.16.3)
      commander:
        specifier: ^14.0.1
        version: 14.0.1
      handlebars:
        specifier: ^4.7.8
        version: 4.7.8
      inquirer:
        specifier: ^12.9.6
        version: 12.9.6
      prisma:
        specifier: ^6.16.3
        version: 6.16.3

packages:

  '@inquirer/ansi@1.0.0':
    resolution: {integrity: sha512-JWaTfCxI1eTmJ1BIv86vUfjVatOdxwD0DAVKYevY8SazeUUZtW+tNbsdejVO1GYE0GXJW1N1ahmiC3TFd+7wZA==}
    engines: {node: '>=18'}

  '@inquirer/checkbox@4.2.4':
    resolution: {integrity: sha512-2n9Vgf4HSciFq8ttKXk+qy+GsyTXPV1An6QAwe/8bkbbqvG4VW1I/ZY1pNu2rf+h9bdzMLPbRSfcNxkHBy/Ydw==}
    engines: {node: '>=18'}
    peerDependencies:
      '@types/node': '>=18'
    peerDependenciesMeta:
      '@types/node':
        optional: true

  '@inquirer/confirm@5.1.18':
    resolution: {integrity: sha512-MilmWOzHa3Ks11tzvuAmFoAd/wRuaP3SwlT1IZhyMke31FKLxPiuDWcGXhU+PKveNOpAc4axzAgrgxuIJJRmLw==}
    engines: {node: '>=18'}
    peerDependencies:
      '@types/node': '>=18'
    peerDependenciesMeta:
      '@types/node':
        optional: true

  '@inquirer/core@10.2.2':
    resolution: {integrity: sha512-yXq/4QUnk4sHMtmbd7irwiepjB8jXU0kkFRL4nr/aDBA2mDz13cMakEWdDwX3eSCTkk03kwcndD1zfRAIlELxA==}
    engines: {node: '>=18'}
    peerDependencies:
      '@types/node': '>=18'
    peerDependenciesMeta:
      '@types/node':
        optional: true

  '@inquirer/editor@4.2.20':
    resolution: {integrity: sha512-7omh5y5bK672Q+Brk4HBbnHNowOZwrb/78IFXdrEB9PfdxL3GudQyDk8O9vQ188wj3xrEebS2M9n18BjJoI83g==}
    engines: {node: '>=18'}
    peerDependencies:
      '@types/node': '>=18'
    peerDependenciesMeta:
      '@types/node':
        optional: true

  '@inquirer/expand@4.0.20':
    resolution: {integrity: sha512-Dt9S+6qUg94fEvgn54F2Syf0Z3U8xmnBI9ATq2f5h9xt09fs2IJXSCIXyyVHwvggKWFXEY/7jATRo2K6Dkn6Ow==}
    engines: {node: '>=18'}
    peerDependencies:
      '@types/node': '>=18'
    peerDependenciesMeta:
      '@types/node':
        optional: true

  '@inquirer/external-editor@1.0.2':
    resolution: {integrity: sha512-yy9cOoBnx58TlsPrIxauKIFQTiyH+0MK4e97y4sV9ERbI+zDxw7i2hxHLCIEGIE/8PPvDxGhgzIOTSOWcs6/MQ==}
    engines: {node: '>=18'}
    peerDependencies:
      '@types/node': '>=18'
    peerDependenciesMeta:
      '@types/node':
        optional: true

  '@inquirer/figures@1.0.13':
    resolution: {integrity: sha512-lGPVU3yO9ZNqA7vTYz26jny41lE7yoQansmqdMLBEfqaGsmdg7V3W9mK9Pvb5IL4EVZ9GnSDGMO/cJXud5dMaw==}
    engines: {node: '>=18'}

  '@inquirer/input@4.2.4':
    resolution: {integrity: sha512-cwSGpLBMwpwcZZsc6s1gThm0J+it/KIJ+1qFL2euLmSKUMGumJ5TcbMgxEjMjNHRGadouIYbiIgruKoDZk7klw==}
    engines: {node: '>=18'}
    peerDependencies:
      '@types/node': '>=18'
    peerDependenciesMeta:
      '@types/node':
        optional: true

  '@inquirer/number@3.0.20':
    resolution: {integrity: sha512-bbooay64VD1Z6uMfNehED2A2YOPHSJnQLs9/4WNiV/EK+vXczf/R988itL2XLDGTgmhMF2KkiWZo+iEZmc4jqg==}
    engines: {node: '>=18'}
    peerDependencies:
      '@types/node': '>=18'
    peerDependenciesMeta:
      '@types/node':
        optional: true

  '@inquirer/password@4.0.20':
    resolution: {integrity: sha512-nxSaPV2cPvvoOmRygQR+h0B+Av73B01cqYLcr7NXcGXhbmsYfUb8fDdw2Us1bI2YsX+VvY7I7upgFYsyf8+Nug==}
    engines: {node: '>=18'}
    peerDependencies:
      '@types/node': '>=18'
    peerDependenciesMeta:
      '@types/node':
        optional: true

  '@inquirer/prompts@7.8.6':
    resolution: {integrity: sha512-68JhkiojicX9SBUD8FE/pSKbOKtwoyaVj1kwqLfvjlVXZvOy3iaSWX4dCLsZyYx/5Ur07Fq+yuDNOen+5ce6ig==}
    engines: {node: '>=18'}
    peerDependencies:
      '@types/node': '>=18'
    peerDependenciesMeta:
      '@types/node':
        optional: true

  '@inquirer/rawlist@4.1.8':
    resolution: {integrity: sha512-CQ2VkIASbgI2PxdzlkeeieLRmniaUU1Aoi5ggEdm6BIyqopE9GuDXdDOj9XiwOqK5qm72oI2i6J+Gnjaa26ejg==}
    engines: {node: '>=18'}
    peerDependencies:
      '@types/node': '>=18'
    peerDependenciesMeta:
      '@types/node':
        optional: true

  '@inquirer/search@3.1.3':
    resolution: {integrity: sha512-D5T6ioybJJH0IiSUK/JXcoRrrm8sXwzrVMjibuPs+AgxmogKslaafy1oxFiorNI4s3ElSkeQZbhYQgLqiL8h6Q==}
    engines: {node: '>=18'}
    peerDependencies:
      '@types/node': '>=18'
    peerDependenciesMeta:
      '@types/node':
        optional: true

  '@inquirer/select@4.3.4':
    resolution: {integrity: sha512-Qp20nySRmfbuJBBsgPU7E/cL62Hf250vMZRzYDcBHty2zdD1kKCnoDFWRr0WO2ZzaXp3R7a4esaVGJUx0E6zvA==}
    engines: {node: '>=18'}
    peerDependencies:
      '@types/node': '>=18'
    peerDependenciesMeta:
      '@types/node':
        optional: true

  '@inquirer/type@3.0.8':
    resolution: {integrity: sha512-lg9Whz8onIHRthWaN1Q9EGLa/0LFJjyM8mEUbL1eTi6yMGvBf8gvyDLtxSXztQsxMvhxxNpJYrwa1YHdq+w4Jw==}
    engines: {node: '>=18'}
    peerDependencies:
      '@types/node': '>=18'
    peerDependenciesMeta:
      '@types/node':
        optional: true

  '@prisma/client@6.16.3':
    resolution: {integrity: sha512-JfNfAtXG+/lIopsvoZlZiH2k5yNx87mcTS4t9/S5oufM1nKdXYxOvpDC1XoTCFBa5cQh7uXnbMPsmZrwZY80xw==}
    engines: {node: '>=18.18'}
    peerDependencies:
      prisma: '*'
      typescript: '>=5.1.0'
    peerDependenciesMeta:
      prisma:
        optional: true
      typescript:
        optional: true

  '@prisma/config@6.16.3':
    resolution: {integrity: sha512-VlsLnG4oOuKGGMToEeVaRhoTBZu5H3q51jTQXb/diRags3WV0+BQK5MolJTtP6G7COlzoXmWeS11rNBtvg+qFQ==}

  '@prisma/debug@6.16.3':
    resolution: {integrity: sha512-89DdqWtdKd7qoc9/qJCKLTazj3W3zPEiz0hc7HfZdpjzm21c7orOUB5oHWJsG+4KbV4cWU5pefq3CuDVYF9vgA==}

  '@prisma/engines-version@6.16.1-1.bb420e667c1820a8c05a38023385f6cc7ef8e83a':
    resolution: {integrity: sha512-fftRmosBex48Ph1v2ll1FrPpirwtPZpNkE5CDCY1Lw2SD2ctyrLlVlHiuxDAAlALwWBOkPbAll4+EaqdGuMhJw==}

  '@prisma/engines@6.16.3':
    resolution: {integrity: sha512-b+Rl4nzQDcoqe6RIpSHv8f5lLnwdDGvXhHjGDiokObguAAv/O1KaX1Oc69mBW/GFWKQpCkOraobLjU6s1h8HGg==}

  '@prisma/fetch-engine@6.16.3':
    resolution: {integrity: sha512-bUoRIkVaI+CCaVGrSfcKev0/Mk4ateubqWqGZvQ9uCqFv2ENwWIR3OeNuGin96nZn5+SkebcD7RGgKr/+mJelw==}

  '@prisma/get-platform@6.16.3':
    resolution: {integrity: sha512-X1LxiFXinJ4iQehrodGp0f66Dv6cDL0GbRlcCoLtSu6f4Wi+hgo7eND/afIs5029GQLgNWKZ46vn8hjyXTsHLA==}

  '@standard-schema/spec@1.0.0':
    resolution: {integrity: sha512-m2bOd0f2RT9k8QJx1JN85cZYyH1RqFBdlwtkSlf4tBDYLCiiZnv1fIIwacK6cqwXavOydf0NPToMQgpKq+dVlA==}

  ansi-regex@5.0.1:
    resolution: {integrity: sha512-quJQXlTSUGL2LH9SUXo8VwsY4soanhgo6LNSm84E1LBcE8s3O0wpdiRzyR9z/ZZJMlMWv37qOOb9pdJlMUEKFQ==}
    engines: {node: '>=8'}

  ansi-styles@4.3.0:
    resolution: {integrity: sha512-zbB9rCJAT1rbjiVDb2hqKFHNYLxgtk8NURxZ3IZwD3F6NtxbXZQCnnSi1Lkx+IDohdPlFp222wVALIheZJQSEg==}
    engines: {node: '>=8'}

  c12@3.1.0:
    resolution: {integrity: sha512-uWoS8OU1MEIsOv8p/5a82c3H31LsWVR5qiyXVfBNOzfffjUWtPnhAb4BYI2uG2HfGmZmFjCtui5XNWaps+iFuw==}
    peerDependencies:
      magicast: ^0.3.5
    peerDependenciesMeta:
      magicast:
        optional: true

  chardet@2.1.0:
    resolution: {integrity: sha512-bNFETTG/pM5ryzQ9Ad0lJOTa6HWD/YsScAR3EnCPZRPlQh77JocYktSHOUHelyhm8IARL+o4c4F1bP5KVOjiRA==}

  chokidar@4.0.3:
    resolution: {integrity: sha512-Qgzu8kfBvo+cA4962jnP1KkS6Dop5NS6g7R5LFYJr4b8Ub94PPQXUksCw9PvXoeXPRRddRNC5C1JQUR2SMGtnA==}
    engines: {node: '>= 14.16.0'}

  citty@0.1.6:
    resolution: {integrity: sha512-tskPPKEs8D2KPafUypv2gxwJP8h/OaJmC82QQGGDQcHvXX43xF2VDACcJVmZ0EuSxkpO9Kc4MlrA3q0+FG58AQ==}

  cli-width@4.1.0:
    resolution: {integrity: sha512-ouuZd4/dm2Sw5Gmqy6bGyNNNe1qt9RpmxveLSO7KcgsTnU7RXfsw+/bukWGo1abgBiMAic068rclZsO4IWmmxQ==}
    engines: {node: '>= 12'}

  color-convert@2.0.1:
    resolution: {integrity: sha512-RRECPsj7iu/xb5oKYcsFHSppFNnsj/52OVTRKb4zP5onXwVF3zVmmToNcOfGC+CRDpfK/U584fMg38ZHCaElKQ==}
    engines: {node: '>=7.0.0'}

  color-name@1.1.4:
    resolution: {integrity: sha512-dOy+3AuW3a2wNbZHIuMZpTcgjGuLU/uBL/ubcZF9OXbDo8ff4O8yVp5Bf0efS8uEoYo5q4Fx7dY9OgQGXgAsQA==}

  commander@14.0.1:
    resolution: {integrity: sha512-2JkV3gUZUVrbNA+1sjBOYLsMZ5cEEl8GTFP2a4AVz5hvasAMCQ1D2l2le/cX+pV4N6ZU17zjUahLpIXRrnWL8A==}
    engines: {node: '>=20'}

  confbox@0.2.2:
    resolution: {integrity: sha512-1NB+BKqhtNipMsov4xI/NnhCKp9XG9NamYp5PVm9klAT0fsrNPjaFICsCFhNhwZJKNh7zB/3q8qXz0E9oaMNtQ==}

  consola@3.4.2:
    resolution: {integrity: sha512-5IKcdX0nnYavi6G7TtOhwkYzyjfJlatbjMjuLSfE2kYT5pMDOilZ4OvMhi637CcDICTmz3wARPoyhqyX1Y+XvA==}
    engines: {node: ^14.18.0 || >=16.10.0}

  deepmerge-ts@7.1.5:
    resolution: {integrity: sha512-HOJkrhaYsweh+W+e74Yn7YStZOilkoPb6fycpwNLKzSPtruFs48nYis0zy5yJz1+ktUhHxoRDJ27RQAWLIJVJw==}
    engines: {node: '>=16.0.0'}

  defu@6.1.4:
    resolution: {integrity: sha512-mEQCMmwJu317oSz8CwdIOdwf3xMif1ttiM8LTufzc3g6kR+9Pe236twL8j3IYT1F7GfRgGcW6MWxzZjLIkuHIg==}

  destr@2.0.5:
    resolution: {integrity: sha512-ugFTXCtDZunbzasqBxrK93Ik/DRYsO6S/fedkWEMKqt04xZ4csmnmwGDBAb07QWNaGMAmnTIemsYZCksjATwsA==}

  dotenv@16.6.1:
    resolution: {integrity: sha512-uBq4egWHTcTt33a72vpSG0z3HnPuIl6NqYcTrKEg2azoEyl2hpW0zqlxysq2pK9HlDIHyHyakeYaYnSAwd8bow==}
    engines: {node: '>=12'}

  effect@3.16.12:
    resolution: {integrity: sha512-N39iBk0K71F9nb442TLbTkjl24FLUzuvx2i1I2RsEAQsdAdUTuUoW0vlfUXgkMTUOnYqKnWcFfqw4hK4Pw27hg==}

  emoji-regex@8.0.0:
    resolution: {integrity: sha512-MSjYzcWNOA0ewAHpz0MxpYFvwg6yjy1NG3xteoqz644VCo/RPgnr1/GGt+ic3iJTzQ8Eu3TdM14SawnVUmGE6A==}

  empathic@2.0.0:
    resolution: {integrity: sha512-i6UzDscO/XfAcNYD75CfICkmfLedpyPDdozrLMmQc5ORaQcdMoc21OnlEylMIqI7U8eniKrPMxxtj8k0vhmJhA==}
    engines: {node: '>=14'}

  exsolve@1.0.7:
    resolution: {integrity: sha512-VO5fQUzZtI6C+vx4w/4BWJpg3s/5l+6pRQEHzFRM8WFi4XffSP1Z+4qi7GbjWbvRQEbdIco5mIMq+zX4rPuLrw==}

  fast-check@3.23.2:
    resolution: {integrity: sha512-h5+1OzzfCC3Ef7VbtKdcv7zsstUQwUDlYpUTvjeUsJAssPgLn7QzbboPtL5ro04Mq0rPOsMzl7q5hIbRs2wD1A==}
    engines: {node: '>=8.0.0'}

  giget@2.0.0:
    resolution: {integrity: sha512-L5bGsVkxJbJgdnwyuheIunkGatUF/zssUoxxjACCseZYAVbaqdh9Tsmmlkl8vYan09H7sbvKt4pS8GqKLBrEzA==}
    hasBin: true

  handlebars@4.7.8:
    resolution: {integrity: sha512-vafaFqs8MZkRrSX7sFVUdo3ap/eNiLnb4IakshzvP56X5Nr1iGKAIqdX6tMlm6HcNRIkr6AxO5jFEoJzzpT8aQ==}
    engines: {node: '>=0.4.7'}
    hasBin: true

  iconv-lite@0.7.0:
    resolution: {integrity: sha512-cf6L2Ds3h57VVmkZe+Pn+5APsT7FpqJtEhhieDCvrE2MK5Qk9MyffgQyuxQTm6BChfeZNtcOLHp9IcWRVcIcBQ==}
    engines: {node: '>=0.10.0'}

  inquirer@12.9.6:
    resolution: {integrity: sha512-603xXOgyfxhuis4nfnWaZrMaotNT0Km9XwwBNWUKbIDqeCY89jGr2F9YPEMiNhU6XjIP4VoWISMBFfcc5NgrTw==}
    engines: {node: '>=18'}
    peerDependencies:
      '@types/node': '>=18'
    peerDependenciesMeta:
      '@types/node':
        optional: true

  is-fullwidth-code-point@3.0.0:
    resolution: {integrity: sha512-zymm5+u+sCsSWyD9qNaejV3DFvhCKclKdizYaJUuHA83RLjb7nSuGnddCHGv0hk+KY7BMAlsWeK4Ueg6EV6XQg==}
    engines: {node: '>=8'}

  jiti@2.6.1:
    resolution: {integrity: sha512-ekilCSN1jwRvIbgeg/57YFh8qQDNbwDb9xT/qu2DAHbFFZUicIl4ygVaAvzveMhMVr3LnpSKTNnwt8PoOfmKhQ==}
    hasBin: true

  minimist@1.2.8:
    resolution: {integrity: sha512-2yyAR8qBkN3YuheJanUpWC5U3bb5osDywNB8RzDVlDwDHbocAJveqqj1u8+SVD7jkWT4yvsHCpWqqWqAxb0zCA==}

  mute-stream@2.0.0:
    resolution: {integrity: sha512-WWdIxpyjEn+FhQJQQv9aQAYlHoNVdzIzUySNV1gHUPDSdZJ3yZn7pAAbQcV7B56Mvu881q9FZV+0Vx2xC44VWA==}
    engines: {node: ^18.17.0 || >=20.5.0}

  neo-async@2.6.2:
    resolution: {integrity: sha512-Yd3UES5mWCSqR+qNT93S3UoYUkqAZ9lLg8a7g9rimsWmYGK8cVToA4/sF3RrshdyV3sAGMXVUmpMYOw+dLpOuw==}

  node-fetch-native@1.6.7:
    resolution: {integrity: sha512-g9yhqoedzIUm0nTnTqAQvueMPVOuIY16bqgAJJC8XOOubYFNwz6IER9qs0Gq2Xd0+CecCKFjtdDTMA4u4xG06Q==}

  nypm@0.6.2:
    resolution: {integrity: sha512-7eM+hpOtrKrBDCh7Ypu2lJ9Z7PNZBdi/8AT3AX8xoCj43BBVHD0hPSTEvMtkMpfs8FCqBGhxB+uToIQimA111g==}
    engines: {node: ^14.16.0 || >=16.10.0}
    hasBin: true

  ohash@2.0.11:
    resolution: {integrity: sha512-RdR9FQrFwNBNXAr4GixM8YaRZRJ5PUWbKYbE5eOsrwAjJW0q2REGcf79oYPsLyskQCZG1PLN+S/K1V00joZAoQ==}

  pathe@2.0.3:
    resolution: {integrity: sha512-WUjGcAqP1gQacoQe+OBJsFA7Ld4DyXuUIjZ5cc75cLHvJ7dtNsTugphxIADwspS+AraAUePCKrSVtPLFj/F88w==}

  perfect-debounce@1.0.0:
    resolution: {integrity: sha512-xCy9V055GLEqoFaHoC1SoLIaLmWctgCUaBaWxDZ7/Zx4CTyX7cJQLJOok/orfjZAh9kEYpjJa4d0KcJmCbctZA==}

  pkg-types@2.3.0:
    resolution: {integrity: sha512-SIqCzDRg0s9npO5XQ3tNZioRY1uK06lA41ynBC1YmFTmnY6FjUjVt6s4LoADmwoig1qqD0oK8h1p/8mlMx8Oig==}

  prisma@6.16.3:
    resolution: {integrity: sha512-4tJq3KB9WRshH5+QmzOLV54YMkNlKOtLKaSdvraI5kC/axF47HuOw6zDM8xrxJ6s9o2WodY654On4XKkrobQdQ==}
    engines: {node: '>=18.18'}
    hasBin: true
    peerDependencies:
      typescript: '>=5.1.0'
    peerDependenciesMeta:
      typescript:
        optional: true

  pure-rand@6.1.0:
    resolution: {integrity: sha512-bVWawvoZoBYpp6yIoQtQXHZjmz35RSVHnUOTefl8Vcjr8snTPY1wnpSPMWekcFwbxI6gtmT7rSYPFvz71ldiOA==}

  rc9@2.1.2:
    resolution: {integrity: sha512-btXCnMmRIBINM2LDZoEmOogIZU7Qe7zn4BpomSKZ/ykbLObuBdvG+mFq11DL6fjH1DRwHhrlgtYWG96bJiC7Cg==}

  readdirp@4.1.2:
    resolution: {integrity: sha512-GDhwkLfywWL2s6vEjyhri+eXmfH6j1L7JE27WhqLeYzoh/A3DBaYGEj2H/HFZCn/kMfim73FXxEJTw06WtxQwg==}
    engines: {node: '>= 14.18.0'}

  run-async@4.0.6:
    resolution: {integrity: sha512-IoDlSLTs3Yq593mb3ZoKWKXMNu3UpObxhgA/Xuid5p4bbfi2jdY1Hj0m1K+0/tEuQTxIGMhQDqGjKb7RuxGpAQ==}
    engines: {node: '>=0.12.0'}

  rxjs@7.8.2:
    resolution: {integrity: sha512-dhKf903U/PQZY6boNNtAGdWbG85WAbjT/1xYoZIC7FAY0yWapOBQVsVrDl58W86//e1VpMNBtRV4MaXfdMySFA==}

  safer-buffer@2.1.2:
    resolution: {integrity: sha512-YZo3K82SD7Riyi0E1EQPojLz7kpepnSQI9IyPbHHg1XXXevb5dJI7tpyN2ADxGcQbHG7vcyRHk0cbwqcQriUtg==}

  signal-exit@4.1.0:
    resolution: {integrity: sha512-bzyZ1e88w9O1iNJbKnOlvYTrWPDl46O1bG0D3XInv+9tkPrxrN8jUUTiFlDkkmKWgn1M6CfIA13SuGqOa9Korw==}
    engines: {node: '>=14'}

  source-map@0.6.1:
    resolution: {integrity: sha512-UjgapumWlbMhkBgzT7Ykc5YXUT46F0iKu8SGXq0bcwP5dz/h0Plj6enJqjz1Zbq2l5WaqYnrVbwWOWMyF3F47g==}
    engines: {node: '>=0.10.0'}

  string-width@4.2.3:
    resolution: {integrity: sha512-wKyQRQpjJ0sIp62ErSZdGsjMJWsap5oRNihHhu6G7JVO/9jIB6UyevL+tXuOqrng8j/cxKTWyWUwvSTriiZz/g==}
    engines: {node: '>=8'}

  strip-ansi@6.0.1:
    resolution: {integrity: sha512-Y38VPSHcqkFrCpFnQ9vuSXmquuv5oXOKpGeT6aGrr3o3Gc9AlVa6JBfUSOCnbxGGZF+/0ooI7KrPuUSztUdU5A==}
    engines: {node: '>=8'}

  tinyexec@1.0.1:
    resolution: {integrity: sha512-5uC6DDlmeqiOwCPmK9jMSdOuZTh8bU39Ys6yidB+UTt5hfZUPGAypSgFRiEp+jbi9qH40BLDvy85jIU88wKSqw==}

  tslib@2.8.1:
    resolution: {integrity: sha512-oJFu94HQb+KVduSUQL7wnpmqnfmLsOA/nAh6b6EH0wCEoK0/mPeXU6c3wKDV83MkOuHPRHtSXKKU99IBazS/2w==}

  uglify-js@3.19.3:
    resolution: {integrity: sha512-v3Xu+yuwBXisp6QYTcH4UbH+xYJXqnq2m/LtQVWKWzYc1iehYnLixoQDN9FH6/j9/oybfd6W9Ghwkl8+UMKTKQ==}
    engines: {node: '>=0.8.0'}
    hasBin: true

  wordwrap@1.0.0:
    resolution: {integrity: sha512-gvVzJFlPycKc5dZN4yPkP8w7Dc37BtP1yczEneOb4uq34pXZcvrtRTmWV8W+Ume+XCxKgbjM+nevkyFPMybd4Q==}

  wrap-ansi@6.2.0:
    resolution: {integrity: sha512-r6lPcBGxZXlIcymEu7InxDMhdW0KDxpLgoFLcguasxCaJ/SOIZwINatK9KY/tf+ZrlywOKU0UDj3ATXUBfxJXA==}
    engines: {node: '>=8'}

  yoctocolors-cjs@2.1.3:
    resolution: {integrity: sha512-U/PBtDf35ff0D8X8D0jfdzHYEPFxAI7jJlxZXwCSez5M3190m+QobIfh+sWDWSHMCWWJN2AWamkegn6vr6YBTw==}
    engines: {node: '>=18'}

snapshots:

  '@inquirer/ansi@1.0.0': {}

  '@inquirer/checkbox@4.2.4':
    dependencies:
      '@inquirer/ansi': 1.0.0
      '@inquirer/core': 10.2.2
      '@inquirer/figures': 1.0.13
      '@inquirer/type': 3.0.8
      yoctocolors-cjs: 2.1.3

  '@inquirer/confirm@5.1.18':
    dependencies:
      '@inquirer/core': 10.2.2
      '@inquirer/type': 3.0.8

  '@inquirer/core@10.2.2':
    dependencies:
      '@inquirer/ansi': 1.0.0
      '@inquirer/figures': 1.0.13
      '@inquirer/type': 3.0.8
      cli-width: 4.1.0
      mute-stream: 2.0.0
      signal-exit: 4.1.0
      wrap-ansi: 6.2.0
      yoctocolors-cjs: 2.1.3

  '@inquirer/editor@4.2.20':
    dependencies:
      '@inquirer/core': 10.2.2
      '@inquirer/external-editor': 1.0.2
      '@inquirer/type': 3.0.8

  '@inquirer/expand@4.0.20':
    dependencies:
      '@inquirer/core': 10.2.2
      '@inquirer/type': 3.0.8
      yoctocolors-cjs: 2.1.3

  '@inquirer/external-editor@1.0.2':
    dependencies:
      chardet: 2.1.0
      iconv-lite: 0.7.0

  '@inquirer/figures@1.0.13': {}

  '@inquirer/input@4.2.4':
    dependencies:
      '@inquirer/core': 10.2.2
      '@inquirer/type': 3.0.8

  '@inquirer/number@3.0.20':
    dependencies:
      '@inquirer/core': 10.2.2
      '@inquirer/type': 3.0.8

  '@inquirer/password@4.0.20':
    dependencies:
      '@inquirer/ansi': 1.0.0
      '@inquirer/core': 10.2.2
      '@inquirer/type': 3.0.8

  '@inquirer/prompts@7.8.6':
    dependencies:
      '@inquirer/checkbox': 4.2.4
      '@inquirer/confirm': 5.1.18
      '@inquirer/editor': 4.2.20
      '@inquirer/expand': 4.0.20
      '@inquirer/input': 4.2.4
      '@inquirer/number': 3.0.20
      '@inquirer/password': 4.0.20
      '@inquirer/rawlist': 4.1.8
      '@inquirer/search': 3.1.3
      '@inquirer/select': 4.3.4

  '@inquirer/rawlist@4.1.8':
    dependencies:
      '@inquirer/core': 10.2.2
      '@inquirer/type': 3.0.8
      yoctocolors-cjs: 2.1.3

  '@inquirer/search@3.1.3':
    dependencies:
      '@inquirer/core': 10.2.2
      '@inquirer/figures': 1.0.13
      '@inquirer/type': 3.0.8
      yoctocolors-cjs: 2.1.3

  '@inquirer/select@4.3.4':
    dependencies:
      '@inquirer/ansi': 1.0.0
      '@inquirer/core': 10.2.2
      '@inquirer/figures': 1.0.13
      '@inquirer/type': 3.0.8
      yoctocolors-cjs: 2.1.3

  '@inquirer/type@3.0.8': {}

  '@prisma/client@6.16.3(prisma@6.16.3)':
    optionalDependencies:
      prisma: 6.16.3

  '@prisma/config@6.16.3':
    dependencies:
      c12: 3.1.0
      deepmerge-ts: 7.1.5
      effect: 3.16.12
      empathic: 2.0.0
    transitivePeerDependencies:
      - magicast

  '@prisma/debug@6.16.3': {}

  '@prisma/engines-version@6.16.1-1.bb420e667c1820a8c05a38023385f6cc7ef8e83a': {}

  '@prisma/engines@6.16.3':
    dependencies:
      '@prisma/debug': 6.16.3
      '@prisma/engines-version': 6.16.1-1.bb420e667c1820a8c05a38023385f6cc7ef8e83a
      '@prisma/fetch-engine': 6.16.3
      '@prisma/get-platform': 6.16.3

  '@prisma/fetch-engine@6.16.3':
    dependencies:
      '@prisma/debug': 6.16.3
      '@prisma/engines-version': 6.16.1-1.bb420e667c1820a8c05a38023385f6cc7ef8e83a
      '@prisma/get-platform': 6.16.3

  '@prisma/get-platform@6.16.3':
    dependencies:
      '@prisma/debug': 6.16.3

  '@standard-schema/spec@1.0.0': {}

  ansi-regex@5.0.1: {}

  ansi-styles@4.3.0:
    dependencies:
      color-convert: 2.0.1

  c12@3.1.0:
    dependencies:
      chokidar: 4.0.3
      confbox: 0.2.2
      defu: 6.1.4
      dotenv: 16.6.1
      exsolve: 1.0.7
      giget: 2.0.0
      jiti: 2.6.1
      ohash: 2.0.11
      pathe: 2.0.3
      perfect-debounce: 1.0.0
      pkg-types: 2.3.0
      rc9: 2.1.2

  chardet@2.1.0: {}

  chokidar@4.0.3:
    dependencies:
      readdirp: 4.1.2

  citty@0.1.6:
    dependencies:
      consola: 3.4.2

  cli-width@4.1.0: {}

  color-convert@2.0.1:
    dependencies:
      color-name: 1.1.4

  color-name@1.1.4: {}

  commander@14.0.1: {}

  confbox@0.2.2: {}

  consola@3.4.2: {}

  deepmerge-ts@7.1.5: {}

  defu@6.1.4: {}

  destr@2.0.5: {}

  dotenv@16.6.1: {}

  effect@3.16.12:
    dependencies:
      '@standard-schema/spec': 1.0.0
      fast-check: 3.23.2

  emoji-regex@8.0.0: {}

  empathic@2.0.0: {}

  exsolve@1.0.7: {}

  fast-check@3.23.2:
    dependencies:
      pure-rand: 6.1.0

  giget@2.0.0:
    dependencies:
      citty: 0.1.6
      consola: 3.4.2
      defu: 6.1.4
      node-fetch-native: 1.6.7
      nypm: 0.6.2
      pathe: 2.0.3

  handlebars@4.7.8:
    dependencies:
      minimist: 1.2.8
      neo-async: 2.6.2
      source-map: 0.6.1
      wordwrap: 1.0.0
    optionalDependencies:
      uglify-js: 3.19.3

  iconv-lite@0.7.0:
    dependencies:
      safer-buffer: 2.1.2

  inquirer@12.9.6:
    dependencies:
      '@inquirer/ansi': 1.0.0
      '@inquirer/core': 10.2.2
      '@inquirer/prompts': 7.8.6
      '@inquirer/type': 3.0.8
      mute-stream: 2.0.0
      run-async: 4.0.6
      rxjs: 7.8.2

  is-fullwidth-code-point@3.0.0: {}

  jiti@2.6.1: {}

  minimist@1.2.8: {}

  mute-stream@2.0.0: {}

  neo-async@2.6.2: {}

  node-fetch-native@1.6.7: {}

  nypm@0.6.2:
    dependencies:
      citty: 0.1.6
      consola: 3.4.2
      pathe: 2.0.3
      pkg-types: 2.3.0
      tinyexec: 1.0.1

  ohash@2.0.11: {}

  pathe@2.0.3: {}

  perfect-debounce@1.0.0: {}

  pkg-types@2.3.0:
    dependencies:
      confbox: 0.2.2
      exsolve: 1.0.7
      pathe: 2.0.3

  prisma@6.16.3:
    dependencies:
      '@prisma/config': 6.16.3
      '@prisma/engines': 6.16.3
    transitivePeerDependencies:
      - magicast

  pure-rand@6.1.0: {}

  rc9@2.1.2:
    dependencies:
      defu: 6.1.4
      destr: 2.0.5

  readdirp@4.1.2: {}

  run-async@4.0.6: {}

  rxjs@7.8.2:
    dependencies:
      tslib: 2.8.1

  safer-buffer@2.1.2: {}

  signal-exit@4.1.0: {}

  source-map@0.6.1: {}

  string-width@4.2.3:
    dependencies:
      emoji-regex: 8.0.0
      is-fullwidth-code-point: 3.0.0
      strip-ansi: 6.0.1

  strip-ansi@6.0.1:
    dependencies:
      ansi-regex: 5.0.1

  tinyexec@1.0.1: {}

  tslib@2.8.1: {}

  uglify-js@3.19.3:
    optional: true

  wordwrap@1.0.0: {}

  wrap-ansi@6.2.0:
    dependencies:
      ansi-styles: 4.3.0
      string-width: 4.2.3
      strip-ansi: 6.0.1

  yoctocolors-cjs@2.1.3: {}
